{
  "requires": true,
  "lockfileVersion": 1,
  "dependencies": {
    "livereload-js": {
      "version": "3.3.1",
      "resolved": "https://registry.npmjs.org/livereload-js/-/livereload-js-3.3.1.tgz",
      "integrity": "sha512-CBu1gTEfzVhlOK1WASKAAJ9Qx1fHECTq0SUB67sfxwQssopTyvzqTlgl+c0h9pZ6V+Fzd2rc510ppuNusg9teQ=="
    }
  }
}
