{
  "name": "karmolab-ai",
  "version": "0.1.0",
  "lockfileVersion": 3,
  "requires": true,
  "packages": {
    "": {
      "name": "karmolab-ai",
      "version": "0.1.0",
      "devDependencies": {
        "@google/generative-ai": "^0.21.0",
        "typescript": "~5.9.0"
      },
      "peerDependencies": {
        "@google/generative-ai": "^0.21.0"
      }
    },
    "node_modules/@google/generative-ai": {
      "version": "0.21.0",
      "resolved": "https://registry.npmjs.org/@google/generative-ai/-/generative-ai-0.21.0.tgz",
      "integrity": "sha512-7XhUbtnlkSEZK15kN3t+tzIMxsbKm/dSkKBFalj+20NvPKe1kBY7mR2P7vuijEn+f06z5+A8bVGKO0v39cr6Wg==",
      "dev": true,
      "license": "Apache-2.0",
      "engines": {
        "node": ">=18.0.0"
      }
    },
    "node_modules/typescript": {
      "version": "5.9.3",
      "resolved": "https://registry.npmjs.org/typescript/-/typescript-5.9.3.tgz",
      "integrity": "sha512-jl1vZzPDinLr9eUt3J/t7V6FgNEw9QjvBPdysz9KfQDD41fQrC2Y4vKQdiaUpFT4bXlb1RHhLpp8wtm6M5TgSw==",
      "dev": true,
      "license": "Apache-2.0",
      "bin": {
        "tsc": "bin/tsc",
        "tsserver": "bin/tsserver"
      },
      "engines": {
        "node": ">=14.17"
      }
    }
  }
}
